
Microsoft Visual Studio Solution File, Format Version 12.00
# Visual Studio Version 17
VisualStudioVersion = 17.10.35004.147
MinimumVisualStudioVersion = 10.0.40219.1
Project("{FAE04EC0-301F-11D3-BF4B-00C04F79EFBC}") = "WebApplication2", "WebApplication2\WebApplication2.csproj", "{FD914657-F52F-4DDA-BEBC-069E167238A9}"
EndProject
Global
	GlobalSection(SolutionConfigurationPlatforms) = preSolution
		Debug|Any CPU = Debug|Any CPU
		Release|Any CPU = Release|Any CPU
	EndGlobalSection
	GlobalSection(ProjectConfigurationPlatforms) = postSolution
		{FD914657-F52F-4DDA-BEBC-069E167238A9}.Debug|Any CPU.ActiveCfg = Debug|Any CPU
		{FD914657-F52F-4DDA-BEBC-069E167238A9}.Debug|Any CPU.Build.0 = Debug|Any CPU
		{FD914657-F52F-4DDA-BEBC-069E167238A9}.Release|Any CPU.ActiveCfg = Release|Any CPU
		{FD914657-F52F-4DDA-BEBC-069E167238A9}.Release|Any CPU.Build.0 = Release|Any CPU
	EndGlobalSection
	GlobalSection(SolutionProperties) = preSolution
		HideSolutionNode = FALSE
	EndGlobalSection
	GlobalSection(ExtensibilityGlobals) = postSolution
		SolutionGuid = {8A7CC6B4-C850-4FC3-88D8-BD90FE6C1CD2}
	EndGlobalSection
EndGlobal
